hash: e2dabaf1e451282bcc8632bacf0c02624d1a56deb9a0bd9c8122854174548738
updated: 2016-08-18T15:29:45.574239088Z
imports:
- name: github.com/gorilla/context
  version: 88d0591773580de381a6b0d3f59ac140948486cb
- name: github.com/gorilla/handlers
  version: 88d0591773580de381a6b0d3f59ac140948486cb
- name: github.com/gorilla/mux
  version: 88d0591773580de381a6b0d3f59ac140948486cb
- name: gopkg.in/mgo.v2
  version: 88d0591773580de381a6b0d3f59ac140948486cb
  subpackages:
  - bson
  - internal/sasl
  - internal/scram
  - internal/json
testImports: []
